
Microsoft Visual Studio Solution File, Format Version 12.00
# Visual Studio 15
Project("{FAE04EC0-301F-11D3-BF4B-00C04F79EFBC}") = "Assembly-CSharp-firstpass", "Assembly-CSharp-firstpass.csproj", "{1C0B6945-F272-7688-7EFA-D1B8D8FF7010}"
EndProject
Project("{FAE04EC0-301F-11D3-BF4B-00C04F79EFBC}") = "Assembly-CSharp", "Assembly-CSharp.csproj", "{D3191DEC-AAB4-F738-C6ED-DB5CC63DF639}"
EndProject
Global
	GlobalSection(SolutionConfigurationPlatforms) = preSolution
		Debug|Any CPU = Debug|Any CPU
		Release|Any CPU = Release|Any CPU
	EndGlobalSection
	GlobalSection(ProjectConfigurationPlatforms) = postSolution
		{1C0B6945-F272-7688-7EFA-D1B8D8FF7010}.Debug|Any CPU.ActiveCfg = Debug|Any CPU
		{1C0B6945-F272-7688-7EFA-D1B8D8FF7010}.Debug|Any CPU.Build.0 = Debug|Any CPU
		{1C0B6945-F272-7688-7EFA-D1B8D8FF7010}.Release|Any CPU.ActiveCfg = Release|Any CPU
		{1C0B6945-F272-7688-7EFA-D1B8D8FF7010}.Release|Any CPU.Build.0 = Release|Any CPU
		{D3191DEC-AAB4-F738-C6ED-DB5CC63DF639}.Debug|Any CPU.ActiveCfg = Debug|Any CPU
		{D3191DEC-AAB4-F738-C6ED-DB5CC63DF639}.Debug|Any CPU.Build.0 = Debug|Any CPU
		{D3191DEC-AAB4-F738-C6ED-DB5CC63DF639}.Release|Any CPU.ActiveCfg = Release|Any CPU
		{D3191DEC-AAB4-F738-C6ED-DB5CC63DF639}.Release|Any CPU.Build.0 = Release|Any CPU
	EndGlobalSection
	GlobalSection(SolutionProperties) = preSolution
		HideSolutionNode = FALSE
	EndGlobalSection
EndGlobal
